
Microsoft Visual Studio Solution File, Format Version 12.00
# Visual Studio Version 17
VisualStudioVersion = 17.11.35327.3
MinimumVisualStudioVersion = 10.0.40219.1
Project("{FAE04EC0-301F-11D3-BF4B-00C04F79EFBC}") = "Bucle While", "Bucle While\Bucle While.csproj", "{756956C9-3C53-4653-91F2-05228814F2A9}"
EndProject
Global
	GlobalSection(SolutionConfigurationPlatforms) = preSolution
		Debug|Any CPU = Debug|Any CPU
		Release|Any CPU = Release|Any CPU
	EndGlobalSection
	GlobalSection(ProjectConfigurationPlatforms) = postSolution
		{756956C9-3C53-4653-91F2-05228814F2A9}.Debug|Any CPU.ActiveCfg = Debug|Any CPU
		{756956C9-3C53-4653-91F2-05228814F2A9}.Debug|Any CPU.Build.0 = Debug|Any CPU
		{756956C9-3C53-4653-91F2-05228814F2A9}.Release|Any CPU.ActiveCfg = Release|Any CPU
		{756956C9-3C53-4653-91F2-05228814F2A9}.Release|Any CPU.Build.0 = Release|Any CPU
	EndGlobalSection
	GlobalSection(SolutionProperties) = preSolution
		HideSolutionNode = FALSE
	EndGlobalSection
	GlobalSection(ExtensibilityGlobals) = postSolution
		SolutionGuid = {44F745F2-CB5A-459C-A374-64546D641415}
	EndGlobalSection
EndGlobal
