
Microsoft Visual Studio Solution File, Format Version 12.00
# Visual Studio Version 17
VisualStudioVersion = 17.11.35327.3
MinimumVisualStudioVersion = 10.0.40219.1
Project("{FAE04EC0-301F-11D3-BF4B-00C04F79EFBC}") = "Objetos asociados", "Objetos asociados\Objetos asociados.csproj", "{58D50AE1-8FC6-415D-949F-FD42DA693A7D}"
EndProject
Global
	GlobalSection(SolutionConfigurationPlatforms) = preSolution
		Debug|Any CPU = Debug|Any CPU
		Release|Any CPU = Release|Any CPU
	EndGlobalSection
	GlobalSection(ProjectConfigurationPlatforms) = postSolution
		{58D50AE1-8FC6-415D-949F-FD42DA693A7D}.Debug|Any CPU.ActiveCfg = Debug|Any CPU
		{58D50AE1-8FC6-415D-949F-FD42DA693A7D}.Debug|Any CPU.Build.0 = Debug|Any CPU
		{58D50AE1-8FC6-415D-949F-FD42DA693A7D}.Release|Any CPU.ActiveCfg = Release|Any CPU
		{58D50AE1-8FC6-415D-949F-FD42DA693A7D}.Release|Any CPU.Build.0 = Release|Any CPU
	EndGlobalSection
	GlobalSection(SolutionProperties) = preSolution
		HideSolutionNode = FALSE
	EndGlobalSection
	GlobalSection(ExtensibilityGlobals) = postSolution
		SolutionGuid = {FDC4C454-5F6F-4E0E-9FC1-D84DF43AC267}
	EndGlobalSection
EndGlobal
