
Microsoft Visual Studio Solution File, Format Version 12.00
# Visual Studio Version 17
VisualStudioVersion = 17.11.35327.3
MinimumVisualStudioVersion = 10.0.40219.1
Project("{FAE04EC0-301F-11D3-BF4B-00C04F79EFBC}") = "Primer Programa c#", "Primer Programa c#\Primer Programa c#.csproj", "{5C0E2C7D-2854-45FC-9443-A0F523402219}"
EndProject
Global
	GlobalSection(SolutionConfigurationPlatforms) = preSolution
		Debug|Any CPU = Debug|Any CPU
		Release|Any CPU = Release|Any CPU
	EndGlobalSection
	GlobalSection(ProjectConfigurationPlatforms) = postSolution
		{5C0E2C7D-2854-45FC-9443-A0F523402219}.Debug|Any CPU.ActiveCfg = Debug|Any CPU
		{5C0E2C7D-2854-45FC-9443-A0F523402219}.Debug|Any CPU.Build.0 = Debug|Any CPU
		{5C0E2C7D-2854-45FC-9443-A0F523402219}.Release|Any CPU.ActiveCfg = Release|Any CPU
		{5C0E2C7D-2854-45FC-9443-A0F523402219}.Release|Any CPU.Build.0 = Release|Any CPU
	EndGlobalSection
	GlobalSection(SolutionProperties) = preSolution
		HideSolutionNode = FALSE
	EndGlobalSection
	GlobalSection(ExtensibilityGlobals) = postSolution
		SolutionGuid = {2F010813-494E-4059-B01C-E7357E84D64F}
	EndGlobalSection
EndGlobal
